
Microsoft Visual Studio Solution File, Format Version 12.00
# Visual Studio Version 17
VisualStudioVersion = 17.8.34525.116
MinimumVisualStudioVersion = 10.0.40219.1
Project("{9A19103F-16F7-4668-BE54-9A1E7A4F7556}") = "SchLambda", "SchLambda.csproj", "{759B7E09-F5BE-4708-BBC5-5EB9FF761EEC}"
EndProject
Global
	GlobalSection(SolutionConfigurationPlatforms) = preSolution
		Debug|Any CPU = Debug|Any CPU
		Release|Any CPU = Release|Any CPU
	EndGlobalSection
	GlobalSection(ProjectConfigurationPlatforms) = postSolution
		{759B7E09-F5BE-4708-BBC5-5EB9FF761EEC}.Debug|Any CPU.ActiveCfg = Debug|Any CPU
		{759B7E09-F5BE-4708-BBC5-5EB9FF761EEC}.Debug|Any CPU.Build.0 = Debug|Any CPU
		{759B7E09-F5BE-4708-BBC5-5EB9FF761EEC}.Release|Any CPU.ActiveCfg = Release|Any CPU
		{759B7E09-F5BE-4708-BBC5-5EB9FF761EEC}.Release|Any CPU.Build.0 = Release|Any CPU
	EndGlobalSection
	GlobalSection(SolutionProperties) = preSolution
		HideSolutionNode = FALSE
	EndGlobalSection
	GlobalSection(ExtensibilityGlobals) = postSolution
		SolutionGuid = {90371E91-93C4-4FCC-99F2-FB531DF8F2B0}
	EndGlobalSection
EndGlobal
