
Microsoft Visual Studio Solution File, Format Version 12.00
# Visual Studio Version 16
VisualStudioVersion = 16.0.34407.143
MinimumVisualStudioVersion = 10.0.40219.1
Project("{9A19103F-16F7-4668-BE54-9A1E7A4F7556}") = "AWSLambda3", "AWSLambda3.csproj", "{E77A75C3-55A8-4EAB-9365-FB816CFC1738}"
EndProject
Global
	GlobalSection(SolutionConfigurationPlatforms) = preSolution
		Debug|Any CPU = Debug|Any CPU
		Release|Any CPU = Release|Any CPU
	EndGlobalSection
	GlobalSection(ProjectConfigurationPlatforms) = postSolution
		{E77A75C3-55A8-4EAB-9365-FB816CFC1738}.Debug|Any CPU.ActiveCfg = Debug|Any CPU
		{E77A75C3-55A8-4EAB-9365-FB816CFC1738}.Debug|Any CPU.Build.0 = Debug|Any CPU
		{E77A75C3-55A8-4EAB-9365-FB816CFC1738}.Release|Any CPU.ActiveCfg = Release|Any CPU
		{E77A75C3-55A8-4EAB-9365-FB816CFC1738}.Release|Any CPU.Build.0 = Release|Any CPU
	EndGlobalSection
	GlobalSection(SolutionProperties) = preSolution
		HideSolutionNode = FALSE
	EndGlobalSection
	GlobalSection(ExtensibilityGlobals) = postSolution
		SolutionGuid = {C6039ACC-6866-4CD9-94F0-30A1969FABBC}
	EndGlobalSection
EndGlobal
